// !$*UTF8*$!
{
	archiveVersion = 1;
	classes = {
	};
	objectVersion = 48;
	objects = {

/* Begin PBXBuildFile section */
		E2E8BA431FCAA291006E3501 /* main.cpp in Sources */ = {isa = PBXBuildFile; fileRef = E2E8BA421FCAA291006E3501 /* main.cpp */; };
		E2E8BA4B1FCAA2A3006E3501 /* Dictionary.cpp in Sources */ = {isa = PBXBuildFile; fileRef = E2E8BA491FCAA2A3006E3501 /* Dictionary.cpp */; };
		E2E8BA511FCAA2D5006E3501 /* AnagramSet.cpp in Sources */ = {isa = PBXBuildFile; fileRef = E2E8BA4F1FCAA2D5006E3501 /* AnagramSet.cpp */; };
		E2E8BA541FCAA2FB006E3501 /* LetterBag.cpp in Sources */ = {isa = PBXBuildFile; fileRef = E2E8BA521FCAA2FB006E3501 /* LetterBag.cpp */; };
		E2E8BA611FCD2EAC006E3501 /* main2.cpp in Sources */ = {isa = PBXBuildFile; fileRef = E2E8BA601FCD2EAC006E3501 /* main2.cpp */; };
/* End PBXBuildFile section */

/* Begin PBXCopyFilesBuildPhase section */
		E2E8BA3D1FCAA291006E3501 /* CopyFiles */ = {
			isa = PBXCopyFilesBuildPhase;
			buildActionMask = 2147483647;
			dstPath = /usr/share/man/man1/;
			dstSubfolderSpec = 0;
			files = (
			);
			runOnlyForDeploymentPostprocessing = 1;
		};
/* End PBXCopyFilesBuildPhase section */

/* Begin PBXFileReference section */
		E2E8BA3F1FCAA291006E3501 /* Assignment 5 V2 */ = {isa = PBXFileReference; explicitFileType = "compiled.mach-o.executable"; includeInIndex = 0; path = "Assignment 5 V2"; sourceTree = BUILT_PRODUCTS_DIR; };
		E2E8BA421FCAA291006E3501 /* main.cpp */ = {isa = PBXFileReference; lastKnownFileType = sourcecode.cpp.cpp; path = main.cpp; sourceTree = "<group>"; };
		E2E8BA491FCAA2A3006E3501 /* Dictionary.cpp */ = {isa = PBXFileReference; lastKnownFileType = sourcecode.cpp.cpp; path = Dictionary.cpp; sourceTree = "<group>"; };
		E2E8BA4A1FCAA2A3006E3501 /* Dictionary.h */ = {isa = PBXFileReference; lastKnownFileType = sourcecode.c.h; path = Dictionary.h; sourceTree = "<group>"; };
		E2E8BA4F1FCAA2D5006E3501 /* AnagramSet.cpp */ = {isa = PBXFileReference; lastKnownFileType = sourcecode.cpp.cpp; path = AnagramSet.cpp; sourceTree = "<group>"; };
		E2E8BA501FCAA2D5006E3501 /* AnagramSet.h */ = {isa = PBXFileReference; lastKnownFileType = sourcecode.c.h; path = AnagramSet.h; sourceTree = "<group>"; };
		E2E8BA521FCAA2FB006E3501 /* LetterBag.cpp */ = {isa = PBXFileReference; lastKnownFileType = sourcecode.cpp.cpp; path = LetterBag.cpp; sourceTree = "<group>"; };
		E2E8BA531FCAA2FB006E3501 /* LetterBag.h */ = {isa = PBXFileReference; lastKnownFileType = sourcecode.c.h; path = LetterBag.h; sourceTree = "<group>"; };
		E2E8BA5C1FCAA423006E3501 /* OList.h */ = {isa = PBXFileReference; lastKnownFileType = sourcecode.c.h; path = OList.h; sourceTree = "<group>"; };
		E2E8BA601FCD2EAC006E3501 /* main2.cpp */ = {isa = PBXFileReference; lastKnownFileType = sourcecode.cpp.cpp; path = main2.cpp; sourceTree = "<group>"; };
/* End PBXFileReference section */

/* Begin PBXFrameworksBuildPhase section */
		E2E8BA3C1FCAA291006E3501 /* Frameworks */ = {
			isa = PBXFrameworksBuildPhase;
			buildActionMask = 2147483647;
			files = (
			);
			runOnlyForDeploymentPostprocessing = 0;
		};
/* End PBXFrameworksBuildPhase section */

/* Begin PBXGroup section */
		E2E8BA361FCAA291006E3501 = {
			isa = PBXGroup;
			children = (
				E2E8BA411FCAA291006E3501 /* Assignment 5 V2 */,
				E2E8BA401FCAA291006E3501 /* Products */,
			);
			sourceTree = "<group>";
		};
		E2E8BA401FCAA291006E3501 /* Products */ = {
			isa = PBXGroup;
			children = (
				E2E8BA3F1FCAA291006E3501 /* Assignment 5 V2 */,
			);
			name = Products;
			sourceTree = "<group>";
		};
		E2E8BA411FCAA291006E3501 /* Assignment 5 V2 */ = {
			isa = PBXGroup;
			children = (
				E2E8BA421FCAA291006E3501 /* main.cpp */,
				E2E8BA601FCD2EAC006E3501 /* main2.cpp */,
				E2E8BA4A1FCAA2A3006E3501 /* Dictionary.h */,
				E2E8BA491FCAA2A3006E3501 /* Dictionary.cpp */,
				E2E8BA501FCAA2D5006E3501 /* AnagramSet.h */,
				E2E8BA4F1FCAA2D5006E3501 /* AnagramSet.cpp */,
				E2E8BA531FCAA2FB006E3501 /* LetterBag.h */,
				E2E8BA521FCAA2FB006E3501 /* LetterBag.cpp */,
				E2E8BA5C1FCAA423006E3501 /* OList.h */,
			);
			path = "Assignment 5 V2";
			sourceTree = "<group>";
		};
/* End PBXGroup section */

/* Begin PBXNativeTarget section */
		E2E8BA3E1FCAA291006E3501 /* Assignment 5 V2 */ = {
			isa = PBXNativeTarget;
			buildConfigurationList = E2E8BA461FCAA291006E3501 /* Build configuration list for PBXNativeTarget "Assignment 5 V2" */;
			buildPhases = (
				E2E8BA3B1FCAA291006E3501 /* Sources */,
				E2E8BA3C1FCAA291006E3501 /* Frameworks */,
				E2E8BA3D1FCAA291006E3501 /* CopyFiles */,
			);
			buildRules = (
			);
			dependencies = (
			);
			name = "Assignment 5 V2";
			productName = "Assignment 5 V2";
			productReference = E2E8BA3F1FCAA291006E3501 /* Assignment 5 V2 */;
			productType = "com.apple.product-type.tool";
		};
/* End PBXNativeTarget section */

/* Begin PBXProject section */
		E2E8BA371FCAA291006E3501 /* Project object */ = {
			isa = PBXProject;
			attributes = {
				LastUpgradeCheck = 0900;
				ORGANIZATIONNAME = "Mahdi Khaliki";
				TargetAttributes = {
					E2E8BA3E1FCAA291006E3501 = {
						CreatedOnToolsVersion = 9.0;
						ProvisioningStyle = Automatic;
					};
				};
			};
			buildConfigurationList = E2E8BA3A1FCAA291006E3501 /* Build configuration list for PBXProject "Assignment 5 V2" */;
			compatibilityVersion = "Xcode 8.0";
			developmentRegion = en;
			hasScannedForEncodings = 0;
			knownRegions = (
				en,
			);
			mainGroup = E2E8BA361FCAA291006E3501;
			productRefGroup = E2E8BA401FCAA291006E3501 /* Products */;
			projectDirPath = "";
			projectRoot = "";
			targets = (
				E2E8BA3E1FCAA291006E3501 /* Assignment 5 V2 */,
			);
		};
/* End PBXProject section */

/* Begin PBXSourcesBuildPhase section */
		E2E8BA3B1FCAA291006E3501 /* Sources */ = {
			isa = PBXSourcesBuildPhase;
			buildActionMask = 2147483647;
			files = (
				E2E8BA541FCAA2FB006E3501 /* LetterBag.cpp in Sources */,
				E2E8BA431FCAA291006E3501 /* main.cpp in Sources */,
				E2E8BA611FCD2EAC006E3501 /* main2.cpp in Sources */,
				E2E8BA511FCAA2D5006E3501 /* AnagramSet.cpp in Sources */,
				E2E8BA4B1FCAA2A3006E3501 /* Dictionary.cpp in Sources */,
			);
			runOnlyForDeploymentPostprocessing = 0;
		};
/* End PBXSourcesBuildPhase section */

/* Begin XCBuildConfiguration section */
		E2E8BA441FCAA291006E3501 /* Debug */ = {
			isa = XCBuildConfiguration;
			buildSettings = {
				ALWAYS_SEARCH_USER_PATHS = NO;
				CLANG_ANALYZER_NONNULL = YES;
				CLANG_ANALYZER_NUMBER_OBJECT_CONVERSION = YES_AGGRESSIVE;
				CLANG_CXX_LANGUAGE_STANDARD = "gnu++14";
				CLANG_CXX_LIBRARY = "libc++";
				CLANG_ENABLE_MODULES = YES;
				CLANG_ENABLE_OBJC_ARC = YES;
				CLANG_WARN_BLOCK_CAPTURE_AUTORELEASING = YES;
				CLANG_WARN_BOOL_CONVERSION = YES;
				CLANG_WARN_COMMA = YES;
				CLANG_WARN_CONSTANT_CONVERSION = YES;
				CLANG_WARN_DIRECT_OBJC_ISA_USAGE = YES_ERROR;
				CLANG_WARN_DOCUMENTATION_COMMENTS = YES;
				CLANG_WARN_EMPTY_BODY = YES;
				CLANG_WARN_ENUM_CONVERSION = YES;
				CLANG_WARN_INFINITE_RECURSION = YES;
				CLANG_WARN_INT_CONVERSION = YES;
				CLANG_WARN_NON_LITERAL_NULL_CONVERSION = YES;
				CLANG_WARN_OBJC_LITERAL_CONVERSION = YES;
				CLANG_WARN_OBJC_ROOT_CLASS = YES_ERROR;
				CLANG_WARN_RANGE_LOOP_ANALYSIS = YES;
				CLANG_WARN_STRICT_PROTOTYPES = YES;
				CLANG_WARN_SUSPICIOUS_MOVE = YES;
				CLANG_WARN_UNGUARDED_AVAILABILITY = YES_AGGRESSIVE;
				CLANG_WARN_UNREACHABLE_CODE = YES;
				CLANG_WARN__DUPLICATE_METHOD_MATCH = YES;
				CODE_SIGN_IDENTITY = "-";
				COPY_PHASE_STRIP = NO;
				DEBUG_INFORMATION_FORMAT = dwarf;
				ENABLE_STRICT_OBJC_MSGSEND = YES;
				ENABLE_TESTABILITY = YES;
				GCC_C_LANGUAGE_STANDARD = gnu11;
				GCC_DYNAMIC_NO_PIC = NO;
				GCC_NO_COMMON_BLOCKS = YES;
				GCC_OPTIMIZATION_LEVEL = 0;
				GCC_PREPROCESSOR_DEFINITIONS = (
					"DEBUG=1",
					"$(inherited)",
				);
				GCC_WARN_64_TO_32_BIT_CONVERSION = YES;
				GCC_WARN_ABOUT_RETURN_TYPE = YES_ERROR;
				GCC_WARN_UNDECLARED_SELECTOR = YES;
				GCC_WARN_UNINITIALIZED_AUTOS = YES_AGGRESSIVE;
				GCC_WARN_UNUSED_FUNCTION = YES;
				GCC_WARN_UNUSED_VARIABLE = YES;
				MACOSX_DEPLOYMENT_TARGET = 10.12;
				MTL_ENABLE_DEBUG_INFO = YES;
				ONLY_ACTIVE_ARCH = YES;
				SDKROOT = macosx;
			};
			name = Debug;
		};
		E2E8BA451FCAA291006E3501 /* Release */ = {
			isa = XCBuildConfiguration;
			buildSettings = {
				ALWAYS_SEARCH_USER_PATHS = NO;
				CLANG_ANALYZER_NONNULL = YES;
				CLANG_ANALYZER_NUMBER_OBJECT_CONVERSION = YES_AGGRESSIVE;
				CLANG_CXX_LANGUAGE_STANDARD = "gnu++14";
				CLANG_CXX_LIBRARY = "libc++";
				CLANG_ENABLE_MODULES = YES;
				CLANG_ENABLE_OBJC_ARC = YES;
				CLANG_WARN_BLOCK_CAPTURE_AUTORELEASING = YES;
				CLANG_WARN_BOOL_CONVERSION = YES;
				CLANG_WARN_COMMA = YES;
				CLANG_WARN_CONSTANT_CONVERSION = YES;
				CLANG_WARN_DIRECT_OBJC_ISA_USAGE = YES_ERROR;
				CLANG_WARN_DOCUMENTATION_COMMENTS = YES;
				CLANG_WARN_EMPTY_BODY = YES;
				CLANG_WARN_ENUM_CONVERSION = YES;
				CLANG_WARN_INFINITE_RECURSION = YES;
				CLANG_WARN_INT_CONVERSION = YES;
				CLANG_WARN_NON_LITERAL_NULL_CONVERSION = YES;
				CLANG_WARN_OBJC_LITERAL_CONVERSION = YES;
				CLANG_WARN_OBJC_ROOT_CLASS = YES_ERROR;
				CLANG_WARN_RANGE_LOOP_ANALYSIS = YES;
				CLANG_WARN_STRICT_PROTOTYPES = YES;
				CLANG_WARN_SUSPICIOUS_MOVE = YES;
				CLANG_WARN_UNGUARDED_AVAILABILITY = YES_AGGRESSIVE;
				CLANG_WARN_UNREACHABLE_CODE = YES;
				CLANG_WARN__DUPLICATE_METHOD_MATCH = YES;
				CODE_SIGN_IDENTITY = "-";
				COPY_PHASE_STRIP = NO;
				DEBUG_INFORMATION_FORMAT = "dwarf-with-dsym";
				ENABLE_NS_ASSERTIONS = NO;
				ENABLE_STRICT_OBJC_MSGSEND = YES;
				GCC_C_LANGUAGE_STANDARD = gnu11;
				GCC_NO_COMMON_BLOCKS = YES;
				GCC_WARN_64_TO_32_BIT_CONVERSION = YES;
				GCC_WARN_ABOUT_RETURN_TYPE = YES_ERROR;
				GCC_WARN_UNDECLARED_SELECTOR = YES;
				GCC_WARN_UNINITIALIZED_AUTOS = YES_AGGRESSIVE;
				GCC_WARN_UNUSED_FUNCTION = YES;
				GCC_WARN_UNUSED_VARIABLE = YES;
				MACOSX_DEPLOYMENT_TARGET = 10.12;
				MTL_ENABLE_DEBUG_INFO = NO;
				SDKROOT = macosx;
			};
			name = Release;
		};
		E2E8BA471FCAA291006E3501 /* Debug */ = {
			isa = XCBuildConfiguration;
			buildSettings = {
				CODE_SIGN_STYLE = Automatic;
				PRODUCT_NAME = "$(TARGET_NAME)";
			};
			name = Debug;
		};
		E2E8BA481FCAA291006E3501 /* Release */ = {
			isa = XCBuildConfiguration;
			buildSettings = {
				CODE_SIGN_STYLE = Automatic;
				PRODUCT_NAME = "$(TARGET_NAME)";
			};
			name = Release;
		};
/* End XCBuildConfiguration section */

/* Begin XCConfigurationList section */
		E2E8BA3A1FCAA291006E3501 /* Build configuration list for PBXProject "Assignment 5 V2" */ = {
			isa = XCConfigurationList;
			buildConfigurations = (
				E2E8BA441FCAA291006E3501 /* Debug */,
				E2E8BA451FCAA291006E3501 /* Release */,
			);
			defaultConfigurationIsVisible = 0;
			defaultConfigurationName = Release;
		};
		E2E8BA461FCAA291006E3501 /* Build configuration list for PBXNativeTarget "Assignment 5 V2" */ = {
			isa = XCConfigurationList;
			buildConfigurations = (
				E2E8BA471FCAA291006E3501 /* Debug */,
				E2E8BA481FCAA291006E3501 /* Release */,
			);
			defaultConfigurationIsVisible = 0;
			defaultConfigurationName = Release;
		};
/* End XCConfigurationList section */
	};
	rootObject = E2E8BA371FCAA291006E3501 /* Project object */;
}
