// !$*UTF8*$!
{
	archiveVersion = 1;
	classes = {
	};
	objectVersion = 46;
	objects = {

/* Begin PBXBuildFile section */
		E2696CD51EAF19CE0000E53A /* ShapeClient.cpp in Sources */ = {isa = PBXBuildFile; fileRef = E2696CD41EAF19CE0000E53A /* ShapeClient.cpp */; };
		E2696CDF1EAF1A500000E53A /* Point.cpp in Sources */ = {isa = PBXBuildFile; fileRef = E2696CDD1EAF1A500000E53A /* Point.cpp */; };
		E2696CE21EAF1A620000E53A /* Quadrilateral.cpp in Sources */ = {isa = PBXBuildFile; fileRef = E2696CE01EAF1A620000E53A /* Quadrilateral.cpp */; };
		E2696CE51EAF1A790000E53A /* Trapezoid.cpp in Sources */ = {isa = PBXBuildFile; fileRef = E2696CE31EAF1A790000E53A /* Trapezoid.cpp */; };
		E2696CE81EAF1A860000E53A /* Parallelogram.cpp in Sources */ = {isa = PBXBuildFile; fileRef = E2696CE61EAF1A860000E53A /* Parallelogram.cpp */; };
		E2696CEB1EAF1A910000E53A /* Rectangle.cpp in Sources */ = {isa = PBXBuildFile; fileRef = E2696CE91EAF1A910000E53A /* Rectangle.cpp */; };
		E2696CEE1EAF1A990000E53A /* Square.cpp in Sources */ = {isa = PBXBuildFile; fileRef = E2696CEC1EAF1A990000E53A /* Square.cpp */; };
		E2696CF11EAF1AA20000E53A /* Equals.cpp in Sources */ = {isa = PBXBuildFile; fileRef = E2696CEF1EAF1AA20000E53A /* Equals.cpp */; };
/* End PBXBuildFile section */

/* Begin PBXCopyFilesBuildPhase section */
		E2696CCF1EAF19CE0000E53A /* CopyFiles */ = {
			isa = PBXCopyFilesBuildPhase;
			buildActionMask = 2147483647;
			dstPath = /usr/share/man/man1/;
			dstSubfolderSpec = 0;
			files = (
			);
			runOnlyForDeploymentPostprocessing = 1;
		};
/* End PBXCopyFilesBuildPhase section */

/* Begin PBXFileReference section */
		E2696CD11EAF19CE0000E53A /* Assignment 6 */ = {isa = PBXFileReference; explicitFileType = "compiled.mach-o.executable"; includeInIndex = 0; path = "Assignment 6"; sourceTree = BUILT_PRODUCTS_DIR; };
		E2696CD41EAF19CE0000E53A /* ShapeClient.cpp */ = {isa = PBXFileReference; lastKnownFileType = sourcecode.cpp.cpp; path = ShapeClient.cpp; sourceTree = "<group>"; };
		E2696CDD1EAF1A500000E53A /* Point.cpp */ = {isa = PBXFileReference; fileEncoding = 4; lastKnownFileType = sourcecode.cpp.cpp; path = Point.cpp; sourceTree = "<group>"; };
		E2696CDE1EAF1A500000E53A /* Point.hpp */ = {isa = PBXFileReference; fileEncoding = 4; lastKnownFileType = sourcecode.cpp.h; path = Point.hpp; sourceTree = "<group>"; };
		E2696CE01EAF1A620000E53A /* Quadrilateral.cpp */ = {isa = PBXFileReference; fileEncoding = 4; lastKnownFileType = sourcecode.cpp.cpp; path = Quadrilateral.cpp; sourceTree = "<group>"; };
		E2696CE11EAF1A620000E53A /* Quadrilateral.hpp */ = {isa = PBXFileReference; fileEncoding = 4; lastKnownFileType = sourcecode.cpp.h; path = Quadrilateral.hpp; sourceTree = "<group>"; };
		E2696CE31EAF1A790000E53A /* Trapezoid.cpp */ = {isa = PBXFileReference; fileEncoding = 4; lastKnownFileType = sourcecode.cpp.cpp; path = Trapezoid.cpp; sourceTree = "<group>"; };
		E2696CE41EAF1A790000E53A /* Trapezoid.hpp */ = {isa = PBXFileReference; fileEncoding = 4; lastKnownFileType = sourcecode.cpp.h; path = Trapezoid.hpp; sourceTree = "<group>"; };
		E2696CE61EAF1A860000E53A /* Parallelogram.cpp */ = {isa = PBXFileReference; fileEncoding = 4; lastKnownFileType = sourcecode.cpp.cpp; path = Parallelogram.cpp; sourceTree = "<group>"; };
		E2696CE71EAF1A860000E53A /* Parallelogram.hpp */ = {isa = PBXFileReference; fileEncoding = 4; lastKnownFileType = sourcecode.cpp.h; path = Parallelogram.hpp; sourceTree = "<group>"; };
		E2696CE91EAF1A910000E53A /* Rectangle.cpp */ = {isa = PBXFileReference; fileEncoding = 4; lastKnownFileType = sourcecode.cpp.cpp; path = Rectangle.cpp; sourceTree = "<group>"; };
		E2696CEA1EAF1A910000E53A /* Rectangle.hpp */ = {isa = PBXFileReference; fileEncoding = 4; lastKnownFileType = sourcecode.cpp.h; path = Rectangle.hpp; sourceTree = "<group>"; };
		E2696CEC1EAF1A990000E53A /* Square.cpp */ = {isa = PBXFileReference; fileEncoding = 4; lastKnownFileType = sourcecode.cpp.cpp; path = Square.cpp; sourceTree = "<group>"; };
		E2696CED1EAF1A990000E53A /* Square.hpp */ = {isa = PBXFileReference; fileEncoding = 4; lastKnownFileType = sourcecode.cpp.h; path = Square.hpp; sourceTree = "<group>"; };
		E2696CEF1EAF1AA20000E53A /* Equals.cpp */ = {isa = PBXFileReference; fileEncoding = 4; lastKnownFileType = sourcecode.cpp.cpp; path = Equals.cpp; sourceTree = "<group>"; };
		E2696CF01EAF1AA20000E53A /* Equals.hpp */ = {isa = PBXFileReference; fileEncoding = 4; lastKnownFileType = sourcecode.cpp.h; path = Equals.hpp; sourceTree = "<group>"; };
/* End PBXFileReference section */

/* Begin PBXFrameworksBuildPhase section */
		E2696CCE1EAF19CE0000E53A /* Frameworks */ = {
			isa = PBXFrameworksBuildPhase;
			buildActionMask = 2147483647;
			files = (
			);
			runOnlyForDeploymentPostprocessing = 0;
		};
/* End PBXFrameworksBuildPhase section */

/* Begin PBXGroup section */
		E2696CC81EAF19CE0000E53A = {
			isa = PBXGroup;
			children = (
				E2696CD31EAF19CE0000E53A /* Assignment 6 */,
				E2696CD21EAF19CE0000E53A /* Products */,
			);
			sourceTree = "<group>";
		};
		E2696CD21EAF19CE0000E53A /* Products */ = {
			isa = PBXGroup;
			children = (
				E2696CD11EAF19CE0000E53A /* Assignment 6 */,
			);
			name = Products;
			sourceTree = "<group>";
		};
		E2696CD31EAF19CE0000E53A /* Assignment 6 */ = {
			isa = PBXGroup;
			children = (
				E2696CD41EAF19CE0000E53A /* ShapeClient.cpp */,
				E2696CDD1EAF1A500000E53A /* Point.cpp */,
				E2696CDE1EAF1A500000E53A /* Point.hpp */,
				E2696CE01EAF1A620000E53A /* Quadrilateral.cpp */,
				E2696CE11EAF1A620000E53A /* Quadrilateral.hpp */,
				E2696CE31EAF1A790000E53A /* Trapezoid.cpp */,
				E2696CE41EAF1A790000E53A /* Trapezoid.hpp */,
				E2696CE61EAF1A860000E53A /* Parallelogram.cpp */,
				E2696CE71EAF1A860000E53A /* Parallelogram.hpp */,
				E2696CE91EAF1A910000E53A /* Rectangle.cpp */,
				E2696CEA1EAF1A910000E53A /* Rectangle.hpp */,
				E2696CEC1EAF1A990000E53A /* Square.cpp */,
				E2696CED1EAF1A990000E53A /* Square.hpp */,
				E2696CEF1EAF1AA20000E53A /* Equals.cpp */,
				E2696CF01EAF1AA20000E53A /* Equals.hpp */,
			);
			path = "Assignment 6";
			sourceTree = "<group>";
		};
/* End PBXGroup section */

/* Begin PBXNativeTarget section */
		E2696CD01EAF19CE0000E53A /* Assignment 6 */ = {
			isa = PBXNativeTarget;
			buildConfigurationList = E2696CD81EAF19CE0000E53A /* Build configuration list for PBXNativeTarget "Assignment 6" */;
			buildPhases = (
				E2696CCD1EAF19CE0000E53A /* Sources */,
				E2696CCE1EAF19CE0000E53A /* Frameworks */,
				E2696CCF1EAF19CE0000E53A /* CopyFiles */,
			);
			buildRules = (
			);
			dependencies = (
			);
			name = "Assignment 6";
			productName = "Assignment 6";
			productReference = E2696CD11EAF19CE0000E53A /* Assignment 6 */;
			productType = "com.apple.product-type.tool";
		};
/* End PBXNativeTarget section */

/* Begin PBXProject section */
		E2696CC91EAF19CE0000E53A /* Project object */ = {
			isa = PBXProject;
			attributes = {
				LastUpgradeCheck = 0800;
				ORGANIZATIONNAME = "Mahdi Khaliki";
				TargetAttributes = {
					E2696CD01EAF19CE0000E53A = {
						CreatedOnToolsVersion = 8.0;
						ProvisioningStyle = Automatic;
					};
				};
			};
			buildConfigurationList = E2696CCC1EAF19CE0000E53A /* Build configuration list for PBXProject "Assignment 6" */;
			compatibilityVersion = "Xcode 3.2";
			developmentRegion = English;
			hasScannedForEncodings = 0;
			knownRegions = (
				en,
			);
			mainGroup = E2696CC81EAF19CE0000E53A;
			productRefGroup = E2696CD21EAF19CE0000E53A /* Products */;
			projectDirPath = "";
			projectRoot = "";
			targets = (
				E2696CD01EAF19CE0000E53A /* Assignment 6 */,
			);
		};
/* End PBXProject section */

/* Begin PBXSourcesBuildPhase section */
		E2696CCD1EAF19CE0000E53A /* Sources */ = {
			isa = PBXSourcesBuildPhase;
			buildActionMask = 2147483647;
			files = (
				E2696CE51EAF1A790000E53A /* Trapezoid.cpp in Sources */,
				E2696CDF1EAF1A500000E53A /* Point.cpp in Sources */,
				E2696CE21EAF1A620000E53A /* Quadrilateral.cpp in Sources */,
				E2696CD51EAF19CE0000E53A /* ShapeClient.cpp in Sources */,
				E2696CEE1EAF1A990000E53A /* Square.cpp in Sources */,
				E2696CE81EAF1A860000E53A /* Parallelogram.cpp in Sources */,
				E2696CF11EAF1AA20000E53A /* Equals.cpp in Sources */,
				E2696CEB1EAF1A910000E53A /* Rectangle.cpp in Sources */,
			);
			runOnlyForDeploymentPostprocessing = 0;
		};
/* End PBXSourcesBuildPhase section */

/* Begin XCBuildConfiguration section */
		E2696CD61EAF19CE0000E53A /* Debug */ = {
			isa = XCBuildConfiguration;
			buildSettings = {
				ALWAYS_SEARCH_USER_PATHS = NO;
				CLANG_ANALYZER_NONNULL = YES;
				CLANG_CXX_LANGUAGE_STANDARD = "gnu++0x";
				CLANG_CXX_LIBRARY = "libc++";
				CLANG_ENABLE_MODULES = YES;
				CLANG_ENABLE_OBJC_ARC = YES;
				CLANG_WARN_BOOL_CONVERSION = YES;
				CLANG_WARN_CONSTANT_CONVERSION = YES;
				CLANG_WARN_DIRECT_OBJC_ISA_USAGE = YES_ERROR;
				CLANG_WARN_DOCUMENTATION_COMMENTS = YES;
				CLANG_WARN_EMPTY_BODY = YES;
				CLANG_WARN_ENUM_CONVERSION = YES;
				CLANG_WARN_INFINITE_RECURSION = YES;
				CLANG_WARN_INT_CONVERSION = YES;
				CLANG_WARN_OBJC_ROOT_CLASS = YES_ERROR;
				CLANG_WARN_SUSPICIOUS_MOVES = YES;
				CLANG_WARN_UNREACHABLE_CODE = YES;
				CLANG_WARN__DUPLICATE_METHOD_MATCH = YES;
				CODE_SIGN_IDENTITY = "-";
				COPY_PHASE_STRIP = NO;
				DEBUG_INFORMATION_FORMAT = dwarf;
				ENABLE_STRICT_OBJC_MSGSEND = YES;
				ENABLE_TESTABILITY = YES;
				GCC_C_LANGUAGE_STANDARD = gnu99;
				GCC_DYNAMIC_NO_PIC = NO;
				GCC_NO_COMMON_BLOCKS = YES;
				GCC_OPTIMIZATION_LEVEL = 0;
				GCC_PREPROCESSOR_DEFINITIONS = (
					"DEBUG=1",
					"$(inherited)",
				);
				GCC_WARN_64_TO_32_BIT_CONVERSION = YES;
				GCC_WARN_ABOUT_RETURN_TYPE = YES_ERROR;
				GCC_WARN_UNDECLARED_SELECTOR = YES;
				GCC_WARN_UNINITIALIZED_AUTOS = YES_AGGRESSIVE;
				GCC_WARN_UNUSED_FUNCTION = YES;
				GCC_WARN_UNUSED_VARIABLE = YES;
				MACOSX_DEPLOYMENT_TARGET = 10.12;
				MTL_ENABLE_DEBUG_INFO = YES;
				ONLY_ACTIVE_ARCH = YES;
				SDKROOT = macosx;
			};
			name = Debug;
		};
		E2696CD71EAF19CE0000E53A /* Release */ = {
			isa = XCBuildConfiguration;
			buildSettings = {
				ALWAYS_SEARCH_USER_PATHS = NO;
				CLANG_ANALYZER_NONNULL = YES;
				CLANG_CXX_LANGUAGE_STANDARD = "gnu++0x";
				CLANG_CXX_LIBRARY = "libc++";
				CLANG_ENABLE_MODULES = YES;
				CLANG_ENABLE_OBJC_ARC = YES;
				CLANG_WARN_BOOL_CONVERSION = YES;
				CLANG_WARN_CONSTANT_CONVERSION = YES;
				CLANG_WARN_DIRECT_OBJC_ISA_USAGE = YES_ERROR;
				CLANG_WARN_DOCUMENTATION_COMMENTS = YES;
				CLANG_WARN_EMPTY_BODY = YES;
				CLANG_WARN_ENUM_CONVERSION = YES;
				CLANG_WARN_INFINITE_RECURSION = YES;
				CLANG_WARN_INT_CONVERSION = YES;
				CLANG_WARN_OBJC_ROOT_CLASS = YES_ERROR;
				CLANG_WARN_SUSPICIOUS_MOVES = YES;
				CLANG_WARN_UNREACHABLE_CODE = YES;
				CLANG_WARN__DUPLICATE_METHOD_MATCH = YES;
				CODE_SIGN_IDENTITY = "-";
				COPY_PHASE_STRIP = NO;
				DEBUG_INFORMATION_FORMAT = "dwarf-with-dsym";
				ENABLE_NS_ASSERTIONS = NO;
				ENABLE_STRICT_OBJC_MSGSEND = YES;
				GCC_C_LANGUAGE_STANDARD = gnu99;
				GCC_NO_COMMON_BLOCKS = YES;
				GCC_WARN_64_TO_32_BIT_CONVERSION = YES;
				GCC_WARN_ABOUT_RETURN_TYPE = YES_ERROR;
				GCC_WARN_UNDECLARED_SELECTOR = YES;
				GCC_WARN_UNINITIALIZED_AUTOS = YES_AGGRESSIVE;
				GCC_WARN_UNUSED_FUNCTION = YES;
				GCC_WARN_UNUSED_VARIABLE = YES;
				MACOSX_DEPLOYMENT_TARGET = 10.12;
				MTL_ENABLE_DEBUG_INFO = NO;
				SDKROOT = macosx;
			};
			name = Release;
		};
		E2696CD91EAF19CE0000E53A /* Debug */ = {
			isa = XCBuildConfiguration;
			buildSettings = {
				PRODUCT_NAME = "$(TARGET_NAME)";
			};
			name = Debug;
		};
		E2696CDA1EAF19CE0000E53A /* Release */ = {
			isa = XCBuildConfiguration;
			buildSettings = {
				PRODUCT_NAME = "$(TARGET_NAME)";
			};
			name = Release;
		};
/* End XCBuildConfiguration section */

/* Begin XCConfigurationList section */
		E2696CCC1EAF19CE0000E53A /* Build configuration list for PBXProject "Assignment 6" */ = {
			isa = XCConfigurationList;
			buildConfigurations = (
				E2696CD61EAF19CE0000E53A /* Debug */,
				E2696CD71EAF19CE0000E53A /* Release */,
			);
			defaultConfigurationIsVisible = 0;
			defaultConfigurationName = Release;
		};
		E2696CD81EAF19CE0000E53A /* Build configuration list for PBXNativeTarget "Assignment 6" */ = {
			isa = XCConfigurationList;
			buildConfigurations = (
				E2696CD91EAF19CE0000E53A /* Debug */,
				E2696CDA1EAF19CE0000E53A /* Release */,
			);
			defaultConfigurationIsVisible = 0;
		};
/* End XCConfigurationList section */
	};
	rootObject = E2696CC91EAF19CE0000E53A /* Project object */;
}
